
Microsoft Visual Studio Solution File, Format Version 12.00
# Visual Studio 15
VisualStudioVersion = 15.0.28307.1585
MinimumVisualStudioVersion = 10.0.40219.1
Project("{FAE04EC0-301F-11D3-BF4B-00C04F79EFBC}") = "Music Studio", "Music Studio\Music Studio.csproj", "{518DB0A0-3B01-498C-93A5-7A1C4A941335}"
EndProject
Global
	GlobalSection(SolutionConfigurationPlatforms) = preSolution
		Debug|Any CPU = Debug|Any CPU
		Release|Any CPU = Release|Any CPU
	EndGlobalSection
	GlobalSection(ProjectConfigurationPlatforms) = postSolution
		{518DB0A0-3B01-498C-93A5-7A1C4A941335}.Debug|Any CPU.ActiveCfg = Debug|Any CPU
		{518DB0A0-3B01-498C-93A5-7A1C4A941335}.Debug|Any CPU.Build.0 = Debug|Any CPU
		{518DB0A0-3B01-498C-93A5-7A1C4A941335}.Release|Any CPU.ActiveCfg = Release|Any CPU
		{518DB0A0-3B01-498C-93A5-7A1C4A941335}.Release|Any CPU.Build.0 = Release|Any CPU
	EndGlobalSection
	GlobalSection(SolutionProperties) = preSolution
		HideSolutionNode = FALSE
	EndGlobalSection
	GlobalSection(ExtensibilityGlobals) = postSolution
		SolutionGuid = {1B79E112-B5F0-42F0-974A-3C32244C3150}
	EndGlobalSection
EndGlobal
